// !$*UTF8*$!
{
	archiveVersion = 1;
	classes = {
	};
	objectVersion = 46;
	objects = {

/* Begin PBXBuildFile section */
		AAF101C21C8E2B9F00F5F2C3 /* AppDelegate.swift in Sources */ = {isa = PBXBuildFile; fileRef = AAF101C11C8E2B9F00F5F2C3 /* AppDelegate.swift */; };
		AAF101C41C8E2B9F00F5F2C3 /* ViewController.swift in Sources */ = {isa = PBXBuildFile; fileRef = AAF101C31C8E2B9F00F5F2C3 /* ViewController.swift */; };
		AAF101C71C8E2B9F00F5F2C3 /* Main.storyboard in Resources */ = {isa = PBXBuildFile; fileRef = AAF101C51C8E2B9F00F5F2C3 /* Main.storyboard */; };
		AAF101CA1C8E2B9F00F5F2C3 /* tableViewKyleL.xcdatamodeld in Sources */ = {isa = PBXBuildFile; fileRef = AAF101C81C8E2B9F00F5F2C3 /* tableViewKyleL.xcdatamodeld */; };
		AAF101CC1C8E2B9F00F5F2C3 /* Assets.xcassets in Resources */ = {isa = PBXBuildFile; fileRef = AAF101CB1C8E2B9F00F5F2C3 /* Assets.xcassets */; };
		AAF101CF1C8E2B9F00F5F2C3 /* LaunchScreen.storyboard in Resources */ = {isa = PBXBuildFile; fileRef = AAF101CD1C8E2B9F00F5F2C3 /* LaunchScreen.storyboard */; };
		AAF101DA1C8E2B9F00F5F2C3 /* tableViewKyleLTests.swift in Sources */ = {isa = PBXBuildFile; fileRef = AAF101D91C8E2B9F00F5F2C3 /* tableViewKyleLTests.swift */; };
		AAF101E51C8E2B9F00F5F2C3 /* tableViewKyleLUITests.swift in Sources */ = {isa = PBXBuildFile; fileRef = AAF101E41C8E2B9F00F5F2C3 /* tableViewKyleLUITests.swift */; };
/* End PBXBuildFile section */

/* Begin PBXContainerItemProxy section */
		AAF101D61C8E2B9F00F5F2C3 /* PBXContainerItemProxy */ = {
			isa = PBXContainerItemProxy;
			containerPortal = AAF101B61C8E2B9F00F5F2C3 /* Project object */;
			proxyType = 1;
			remoteGlobalIDString = AAF101BD1C8E2B9F00F5F2C3;
			remoteInfo = tableViewKyleL;
		};
		AAF101E11C8E2B9F00F5F2C3 /* PBXContainerItemProxy */ = {
			isa = PBXContainerItemProxy;
			containerPortal = AAF101B61C8E2B9F00F5F2C3 /* Project object */;
			proxyType = 1;
			remoteGlobalIDString = AAF101BD1C8E2B9F00F5F2C3;
			remoteInfo = tableViewKyleL;
		};
/* End PBXContainerItemProxy section */

/* Begin PBXFileReference section */
		AAF101BE1C8E2B9F00F5F2C3 /* tableViewKyleL.app */ = {isa = PBXFileReference; explicitFileType = wrapper.application; includeInIndex = 0; path = tableViewKyleL.app; sourceTree = BUILT_PRODUCTS_DIR; };
		AAF101C11C8E2B9F00F5F2C3 /* AppDelegate.swift */ = {isa = PBXFileReference; lastKnownFileType = sourcecode.swift; path = AppDelegate.swift; sourceTree = "<group>"; };
		AAF101C31C8E2B9F00F5F2C3 /* ViewController.swift */ = {isa = PBXFileReference; lastKnownFileType = sourcecode.swift; path = ViewController.swift; sourceTree = "<group>"; };
		AAF101C61C8E2B9F00F5F2C3 /* Base */ = {isa = PBXFileReference; lastKnownFileType = file.storyboard; name = Base; path = Base.lproj/Main.storyboard; sourceTree = "<group>"; };
		AAF101C91C8E2B9F00F5F2C3 /* tableViewKyleL.xcdatamodel */ = {isa = PBXFileReference; lastKnownFileType = wrapper.xcdatamodel; path = tableViewKyleL.xcdatamodel; sourceTree = "<group>"; };
		AAF101CB1C8E2B9F00F5F2C3 /* Assets.xcassets */ = {isa = PBXFileReference; lastKnownFileType = folder.assetcatalog; path = Assets.xcassets; sourceTree = "<group>"; };
		AAF101CE1C8E2B9F00F5F2C3 /* Base */ = {isa = PBXFileReference; lastKnownFileType = file.storyboard; name = Base; path = Base.lproj/LaunchScreen.storyboard; sourceTree = "<group>"; };
		AAF101D01C8E2B9F00F5F2C3 /* Info.plist */ = {isa = PBXFileReference; lastKnownFileType = text.plist.xml; path = Info.plist; sourceTree = "<group>"; };
		AAF101D51C8E2B9F00F5F2C3 /* tableViewKyleLTests.xctest */ = {isa = PBXFileReference; explicitFileType = wrapper.cfbundle; includeInIndex = 0; path = tableViewKyleLTests.xctest; sourceTree = BUILT_PRODUCTS_DIR; };
		AAF101D91C8E2B9F00F5F2C3 /* tableViewKyleLTests.swift */ = {isa = PBXFileReference; lastKnownFileType = sourcecode.swift; path = tableViewKyleLTests.swift; sourceTree = "<group>"; };
		AAF101DB1C8E2B9F00F5F2C3 /* Info.plist */ = {isa = PBXFileReference; lastKnownFileType = text.plist.xml; path = Info.plist; sourceTree = "<group>"; };
		AAF101E01C8E2B9F00F5F2C3 /* tableViewKyleLUITests.xctest */ = {isa = PBXFileReference; explicitFileType = wrapper.cfbundle; includeInIndex = 0; path = tableViewKyleLUITests.xctest; sourceTree = BUILT_PRODUCTS_DIR; };
		AAF101E41C8E2B9F00F5F2C3 /* tableViewKyleLUITests.swift */ = {isa = PBXFileReference; lastKnownFileType = sourcecode.swift; path = tableViewKyleLUITests.swift; sourceTree = "<group>"; };
		AAF101E61C8E2B9F00F5F2C3 /* Info.plist */ = {isa = PBXFileReference; lastKnownFileType = text.plist.xml; path = Info.plist; sourceTree = "<group>"; };
/* End PBXFileReference section */

/* Begin PBXFrameworksBuildPhase section */
		AAF101BB1C8E2B9F00F5F2C3 /* Frameworks */ = {
			isa = PBXFrameworksBuildPhase;
			buildActionMask = 2147483647;
			files = (
			);
			runOnlyForDeploymentPostprocessing = 0;
		};
		AAF101D21C8E2B9F00F5F2C3 /* Frameworks */ = {
			isa = PBXFrameworksBuildPhase;
			buildActionMask = 2147483647;
			files = (
			);
			runOnlyForDeploymentPostprocessing = 0;
		};
		AAF101DD1C8E2B9F00F5F2C3 /* Frameworks */ = {
			isa = PBXFrameworksBuildPhase;
			buildActionMask = 2147483647;
			files = (
			);
			runOnlyForDeploymentPostprocessing = 0;
		};
/* End PBXFrameworksBuildPhase section */

/* Begin PBXGroup section */
		AAF101B51C8E2B9F00F5F2C3 = {
			isa = PBXGroup;
			children = (
				AAF101C01C8E2B9F00F5F2C3 /* tableViewKyleL */,
				AAF101D81C8E2B9F00F5F2C3 /* tableViewKyleLTests */,
				AAF101E31C8E2B9F00F5F2C3 /* tableViewKyleLUITests */,
				AAF101BF1C8E2B9F00F5F2C3 /* Products */,
			);
			sourceTree = "<group>";
		};
		AAF101BF1C8E2B9F00F5F2C3 /* Products */ = {
			isa = PBXGroup;
			children = (
				AAF101BE1C8E2B9F00F5F2C3 /* tableViewKyleL.app */,
				AAF101D51C8E2B9F00F5F2C3 /* tableViewKyleLTests.xctest */,
				AAF101E01C8E2B9F00F5F2C3 /* tableViewKyleLUITests.xctest */,
			);
			name = Products;
			sourceTree = "<group>";
		};
		AAF101C01C8E2B9F00F5F2C3 /* tableViewKyleL */ = {
			isa = PBXGroup;
			children = (
				AAF101C11C8E2B9F00F5F2C3 /* AppDelegate.swift */,
				AAF101C31C8E2B9F00F5F2C3 /* ViewController.swift */,
				AAF101C51C8E2B9F00F5F2C3 /* Main.storyboard */,
				AAF101CB1C8E2B9F00F5F2C3 /* Assets.xcassets */,
				AAF101CD1C8E2B9F00F5F2C3 /* LaunchScreen.storyboard */,
				AAF101D01C8E2B9F00F5F2C3 /* Info.plist */,
				AAF101C81C8E2B9F00F5F2C3 /* tableViewKyleL.xcdatamodeld */,
			);
			path = tableViewKyleL;
			sourceTree = "<group>";
		};
		AAF101D81C8E2B9F00F5F2C3 /* tableViewKyleLTests */ = {
			isa = PBXGroup;
			children = (
				AAF101D91C8E2B9F00F5F2C3 /* tableViewKyleLTests.swift */,
				AAF101DB1C8E2B9F00F5F2C3 /* Info.plist */,
			);
			path = tableViewKyleLTests;
			sourceTree = "<group>";
		};
		AAF101E31C8E2B9F00F5F2C3 /* tableViewKyleLUITests */ = {
			isa = PBXGroup;
			children = (
				AAF101E41C8E2B9F00F5F2C3 /* tableViewKyleLUITests.swift */,
				AAF101E61C8E2B9F00F5F2C3 /* Info.plist */,
			);
			path = tableViewKyleLUITests;
			sourceTree = "<group>";
		};
/* End PBXGroup section */

/* Begin PBXNativeTarget section */
		AAF101BD1C8E2B9F00F5F2C3 /* tableViewKyleL */ = {
			isa = PBXNativeTarget;
			buildConfigurationList = AAF101E91C8E2B9F00F5F2C3 /* Build configuration list for PBXNativeTarget "tableViewKyleL" */;
			buildPhases = (
				AAF101BA1C8E2B9F00F5F2C3 /* Sources */,
				AAF101BB1C8E2B9F00F5F2C3 /* Frameworks */,
				AAF101BC1C8E2B9F00F5F2C3 /* Resources */,
			);
			buildRules = (
			);
			dependencies = (
			);
			name = tableViewKyleL;
			productName = tableViewKyleL;
			productReference = AAF101BE1C8E2B9F00F5F2C3 /* tableViewKyleL.app */;
			productType = "com.apple.product-type.application";
		};
		AAF101D41C8E2B9F00F5F2C3 /* tableViewKyleLTests */ = {
			isa = PBXNativeTarget;
			buildConfigurationList = AAF101EC1C8E2B9F00F5F2C3 /* Build configuration list for PBXNativeTarget "tableViewKyleLTests" */;
			buildPhases = (
				AAF101D11C8E2B9F00F5F2C3 /* Sources */,
				AAF101D21C8E2B9F00F5F2C3 /* Frameworks */,
				AAF101D31C8E2B9F00F5F2C3 /* Resources */,
			);
			buildRules = (
			);
			dependencies = (
				AAF101D71C8E2B9F00F5F2C3 /* PBXTargetDependency */,
			);
			name = tableViewKyleLTests;
			productName = tableViewKyleLTests;
			productReference = AAF101D51C8E2B9F00F5F2C3 /* tableViewKyleLTests.xctest */;
			productType = "com.apple.product-type.bundle.unit-test";
		};
		AAF101DF1C8E2B9F00F5F2C3 /* tableViewKyleLUITests */ = {
			isa = PBXNativeTarget;
			buildConfigurationList = AAF101EF1C8E2B9F00F5F2C3 /* Build configuration list for PBXNativeTarget "tableViewKyleLUITests" */;
			buildPhases = (
				AAF101DC1C8E2B9F00F5F2C3 /* Sources */,
				AAF101DD1C8E2B9F00F5F2C3 /* Frameworks */,
				AAF101DE1C8E2B9F00F5F2C3 /* Resources */,
			);
			buildRules = (
			);
			dependencies = (
				AAF101E21C8E2B9F00F5F2C3 /* PBXTargetDependency */,
			);
			name = tableViewKyleLUITests;
			productName = tableViewKyleLUITests;
			productReference = AAF101E01C8E2B9F00F5F2C3 /* tableViewKyleLUITests.xctest */;
			productType = "com.apple.product-type.bundle.ui-testing";
		};
/* End PBXNativeTarget section */

/* Begin PBXProject section */
		AAF101B61C8E2B9F00F5F2C3 /* Project object */ = {
			isa = PBXProject;
			attributes = {
				LastSwiftUpdateCheck = 0720;
				LastUpgradeCheck = 0720;
				ORGANIZATIONNAME = "Kyle Ludford";
				TargetAttributes = {
					AAF101BD1C8E2B9F00F5F2C3 = {
						CreatedOnToolsVersion = 7.2;
					};
					AAF101D41C8E2B9F00F5F2C3 = {
						CreatedOnToolsVersion = 7.2;
						TestTargetID = AAF101BD1C8E2B9F00F5F2C3;
					};
					AAF101DF1C8E2B9F00F5F2C3 = {
						CreatedOnToolsVersion = 7.2;
						TestTargetID = AAF101BD1C8E2B9F00F5F2C3;
					};
				};
			};
			buildConfigurationList = AAF101B91C8E2B9F00F5F2C3 /* Build configuration list for PBXProject "tableViewKyleL" */;
			compatibilityVersion = "Xcode 3.2";
			developmentRegion = English;
			hasScannedForEncodings = 0;
			knownRegions = (
				en,
				Base,
			);
			mainGroup = AAF101B51C8E2B9F00F5F2C3;
			productRefGroup = AAF101BF1C8E2B9F00F5F2C3 /* Products */;
			projectDirPath = "";
			projectRoot = "";
			targets = (
				AAF101BD1C8E2B9F00F5F2C3 /* tableViewKyleL */,
				AAF101D41C8E2B9F00F5F2C3 /* tableViewKyleLTests */,
				AAF101DF1C8E2B9F00F5F2C3 /* tableViewKyleLUITests */,
			);
		};
/* End PBXProject section */

/* Begin PBXResourcesBuildPhase section */
		AAF101BC1C8E2B9F00F5F2C3 /* Resources */ = {
			isa = PBXResourcesBuildPhase;
			buildActionMask = 2147483647;
			files = (
				AAF101CF1C8E2B9F00F5F2C3 /* LaunchScreen.storyboard in Resources */,
				AAF101CC1C8E2B9F00F5F2C3 /* Assets.xcassets in Resources */,
				AAF101C71C8E2B9F00F5F2C3 /* Main.storyboard in Resources */,
			);
			runOnlyForDeploymentPostprocessing = 0;
		};
		AAF101D31C8E2B9F00F5F2C3 /* Resources */ = {
			isa = PBXResourcesBuildPhase;
			buildActionMask = 2147483647;
			files = (
			);
			runOnlyForDeploymentPostprocessing = 0;
		};
		AAF101DE1C8E2B9F00F5F2C3 /* Resources */ = {
			isa = PBXResourcesBuildPhase;
			buildActionMask = 2147483647;
			files = (
			);
			runOnlyForDeploymentPostprocessing = 0;
		};
/* End PBXResourcesBuildPhase section */

/* Begin PBXSourcesBuildPhase section */
		AAF101BA1C8E2B9F00F5F2C3 /* Sources */ = {
			isa = PBXSourcesBuildPhase;
			buildActionMask = 2147483647;
			files = (
				AAF101CA1C8E2B9F00F5F2C3 /* tableViewKyleL.xcdatamodeld in Sources */,
				AAF101C41C8E2B9F00F5F2C3 /* ViewController.swift in Sources */,
				AAF101C21C8E2B9F00F5F2C3 /* AppDelegate.swift in Sources */,
			);
			runOnlyForDeploymentPostprocessing = 0;
		};
		AAF101D11C8E2B9F00F5F2C3 /* Sources */ = {
			isa = PBXSourcesBuildPhase;
			buildActionMask = 2147483647;
			files = (
				AAF101DA1C8E2B9F00F5F2C3 /* tableViewKyleLTests.swift in Sources */,
			);
			runOnlyForDeploymentPostprocessing = 0;
		};
		AAF101DC1C8E2B9F00F5F2C3 /* Sources */ = {
			isa = PBXSourcesBuildPhase;
			buildActionMask = 2147483647;
			files = (
				AAF101E51C8E2B9F00F5F2C3 /* tableViewKyleLUITests.swift in Sources */,
			);
			runOnlyForDeploymentPostprocessing = 0;
		};
/* End PBXSourcesBuildPhase section */

/* Begin PBXTargetDependency section */
		AAF101D71C8E2B9F00F5F2C3 /* PBXTargetDependency */ = {
			isa = PBXTargetDependency;
			target = AAF101BD1C8E2B9F00F5F2C3 /* tableViewKyleL */;
			targetProxy = AAF101D61C8E2B9F00F5F2C3 /* PBXContainerItemProxy */;
		};
		AAF101E21C8E2B9F00F5F2C3 /* PBXTargetDependency */ = {
			isa = PBXTargetDependency;
			target = AAF101BD1C8E2B9F00F5F2C3 /* tableViewKyleL */;
			targetProxy = AAF101E11C8E2B9F00F5F2C3 /* PBXContainerItemProxy */;
		};
/* End PBXTargetDependency section */

/* Begin PBXVariantGroup section */
		AAF101C51C8E2B9F00F5F2C3 /* Main.storyboard */ = {
			isa = PBXVariantGroup;
			children = (
				AAF101C61C8E2B9F00F5F2C3 /* Base */,
			);
			name = Main.storyboard;
			sourceTree = "<group>";
		};
		AAF101CD1C8E2B9F00F5F2C3 /* LaunchScreen.storyboard */ = {
			isa = PBXVariantGroup;
			children = (
				AAF101CE1C8E2B9F00F5F2C3 /* Base */,
			);
			name = LaunchScreen.storyboard;
			sourceTree = "<group>";
		};
/* End PBXVariantGroup section */

/* Begin XCBuildConfiguration section */
		AAF101E71C8E2B9F00F5F2C3 /* Debug */ = {
			isa = XCBuildConfiguration;
			buildSettings = {
				ALWAYS_SEARCH_USER_PATHS = NO;
				CLANG_CXX_LANGUAGE_STANDARD = "gnu++0x";
				CLANG_CXX_LIBRARY = "libc++";
				CLANG_ENABLE_MODULES = YES;
				CLANG_ENABLE_OBJC_ARC = YES;
				CLANG_WARN_BOOL_CONVERSION = YES;
				CLANG_WARN_CONSTANT_CONVERSION = YES;
				CLANG_WARN_DIRECT_OBJC_ISA_USAGE = YES_ERROR;
				CLANG_WARN_EMPTY_BODY = YES;
				CLANG_WARN_ENUM_CONVERSION = YES;
				CLANG_WARN_INT_CONVERSION = YES;
				CLANG_WARN_OBJC_ROOT_CLASS = YES_ERROR;
				CLANG_WARN_UNREACHABLE_CODE = YES;
				CLANG_WARN__DUPLICATE_METHOD_MATCH = YES;
				"CODE_SIGN_IDENTITY[sdk=iphoneos*]" = "iPhone Developer";
				COPY_PHASE_STRIP = NO;
				DEBUG_INFORMATION_FORMAT = dwarf;
				ENABLE_STRICT_OBJC_MSGSEND = YES;
				ENABLE_TESTABILITY = YES;
				GCC_C_LANGUAGE_STANDARD = gnu99;
				GCC_DYNAMIC_NO_PIC = NO;
				GCC_NO_COMMON_BLOCKS = YES;
				GCC_OPTIMIZATION_LEVEL = 0;
				GCC_PREPROCESSOR_DEFINITIONS = (
					"DEBUG=1",
					"$(inherited)",
				);
				GCC_WARN_64_TO_32_BIT_CONVERSION = YES;
				GCC_WARN_ABOUT_RETURN_TYPE = YES_ERROR;
				GCC_WARN_UNDECLARED_SELECTOR = YES;
				GCC_WARN_UNINITIALIZED_AUTOS = YES_AGGRESSIVE;
				GCC_WARN_UNUSED_FUNCTION = YES;
				GCC_WARN_UNUSED_VARIABLE = YES;
				IPHONEOS_DEPLOYMENT_TARGET = 9.2;
				MTL_ENABLE_DEBUG_INFO = YES;
				ONLY_ACTIVE_ARCH = YES;
				SDKROOT = iphoneos;
				SWIFT_OPTIMIZATION_LEVEL = "-Onone";
			};
			name = Debug;
		};
		AAF101E81C8E2B9F00F5F2C3 /* Release */ = {
			isa = XCBuildConfiguration;
			buildSettings = {
				ALWAYS_SEARCH_USER_PATHS = NO;
				CLANG_CXX_LANGUAGE_STANDARD = "gnu++0x";
				CLANG_CXX_LIBRARY = "libc++";
				CLANG_ENABLE_MODULES = YES;
				CLANG_ENABLE_OBJC_ARC = YES;
				CLANG_WARN_BOOL_CONVERSION = YES;
				CLANG_WARN_CONSTANT_CONVERSION = YES;
				CLANG_WARN_DIRECT_OBJC_ISA_USAGE = YES_ERROR;
				CLANG_WARN_EMPTY_BODY = YES;
				CLANG_WARN_ENUM_CONVERSION = YES;
				CLANG_WARN_INT_CONVERSION = YES;
				CLANG_WARN_OBJC_ROOT_CLASS = YES_ERROR;
				CLANG_WARN_UNREACHABLE_CODE = YES;
				CLANG_WARN__DUPLICATE_METHOD_MATCH = YES;
				"CODE_SIGN_IDENTITY[sdk=iphoneos*]" = "iPhone Developer";
				COPY_PHASE_STRIP = NO;
				DEBUG_INFORMATION_FORMAT = "dwarf-with-dsym";
				ENABLE_NS_ASSERTIONS = NO;
				ENABLE_STRICT_OBJC_MSGSEND = YES;
				GCC_C_LANGUAGE_STANDARD = gnu99;
				GCC_NO_COMMON_BLOCKS = YES;
				GCC_WARN_64_TO_32_BIT_CONVERSION = YES;
				GCC_WARN_ABOUT_RETURN_TYPE = YES_ERROR;
				GCC_WARN_UNDECLARED_SELECTOR = YES;
				GCC_WARN_UNINITIALIZED_AUTOS = YES_AGGRESSIVE;
				GCC_WARN_UNUSED_FUNCTION = YES;
				GCC_WARN_UNUSED_VARIABLE = YES;
				IPHONEOS_DEPLOYMENT_TARGET = 9.2;
				MTL_ENABLE_DEBUG_INFO = NO;
				SDKROOT = iphoneos;
				VALIDATE_PRODUCT = YES;
			};
			name = Release;
		};
		AAF101EA1C8E2B9F00F5F2C3 /* Debug */ = {
			isa = XCBuildConfiguration;
			buildSettings = {
				ASSETCATALOG_COMPILER_APPICON_NAME = AppIcon;
				INFOPLIST_FILE = tableViewKyleL/Info.plist;
				LD_RUNPATH_SEARCH_PATHS = "$(inherited) @executable_path/Frameworks";
				PRODUCT_BUNDLE_IDENTIFIER = class.tableViewKyleL;
				PRODUCT_NAME = "$(TARGET_NAME)";
			};
			name = Debug;
		};
		AAF101EB1C8E2B9F00F5F2C3 /* Release */ = {
			isa = XCBuildConfiguration;
			buildSettings = {
				ASSETCATALOG_COMPILER_APPICON_NAME = AppIcon;
				INFOPLIST_FILE = tableViewKyleL/Info.plist;
				LD_RUNPATH_SEARCH_PATHS = "$(inherited) @executable_path/Frameworks";
				PRODUCT_BUNDLE_IDENTIFIER = class.tableViewKyleL;
				PRODUCT_NAME = "$(TARGET_NAME)";
			};
			name = Release;
		};
		AAF101ED1C8E2B9F00F5F2C3 /* Debug */ = {
			isa = XCBuildConfiguration;
			buildSettings = {
				BUNDLE_LOADER = "$(TEST_HOST)";
				INFOPLIST_FILE = tableViewKyleLTests/Info.plist;
				LD_RUNPATH_SEARCH_PATHS = "$(inherited) @executable_path/Frameworks @loader_path/Frameworks";
				PRODUCT_BUNDLE_IDENTIFIER = class.tableViewKyleLTests;
				PRODUCT_NAME = "$(TARGET_NAME)";
				TEST_HOST = "$(BUILT_PRODUCTS_DIR)/tableViewKyleL.app/tableViewKyleL";
			};
			name = Debug;
		};
		AAF101EE1C8E2B9F00F5F2C3 /* Release */ = {
			isa = XCBuildConfiguration;
			buildSettings = {
				BUNDLE_LOADER = "$(TEST_HOST)";
				INFOPLIST_FILE = tableViewKyleLTests/Info.plist;
				LD_RUNPATH_SEARCH_PATHS = "$(inherited) @executable_path/Frameworks @loader_path/Frameworks";
				PRODUCT_BUNDLE_IDENTIFIER = class.tableViewKyleLTests;
				PRODUCT_NAME = "$(TARGET_NAME)";
				TEST_HOST = "$(BUILT_PRODUCTS_DIR)/tableViewKyleL.app/tableViewKyleL";
			};
			name = Release;
		};
		AAF101F01C8E2B9F00F5F2C3 /* Debug */ = {
			isa = XCBuildConfiguration;
			buildSettings = {
				INFOPLIST_FILE = tableViewKyleLUITests/Info.plist;
				LD_RUNPATH_SEARCH_PATHS = "$(inherited) @executable_path/Frameworks @loader_path/Frameworks";
				PRODUCT_BUNDLE_IDENTIFIER = class.tableViewKyleLUITests;
				PRODUCT_NAME = "$(TARGET_NAME)";
				TEST_TARGET_NAME = tableViewKyleL;
				USES_XCTRUNNER = YES;
			};
			name = Debug;
		};
		AAF101F11C8E2B9F00F5F2C3 /* Release */ = {
			isa = XCBuildConfiguration;
			buildSettings = {
				INFOPLIST_FILE = tableViewKyleLUITests/Info.plist;
				LD_RUNPATH_SEARCH_PATHS = "$(inherited) @executable_path/Frameworks @loader_path/Frameworks";
				PRODUCT_BUNDLE_IDENTIFIER = class.tableViewKyleLUITests;
				PRODUCT_NAME = "$(TARGET_NAME)";
				TEST_TARGET_NAME = tableViewKyleL;
				USES_XCTRUNNER = YES;
			};
			name = Release;
		};
/* End XCBuildConfiguration section */

/* Begin XCConfigurationList section */
		AAF101B91C8E2B9F00F5F2C3 /* Build configuration list for PBXProject "tableViewKyleL" */ = {
			isa = XCConfigurationList;
			buildConfigurations = (
				AAF101E71C8E2B9F00F5F2C3 /* Debug */,
				AAF101E81C8E2B9F00F5F2C3 /* Release */,
			);
			defaultConfigurationIsVisible = 0;
			defaultConfigurationName = Release;
		};
		AAF101E91C8E2B9F00F5F2C3 /* Build configuration list for PBXNativeTarget "tableViewKyleL" */ = {
			isa = XCConfigurationList;
			buildConfigurations = (
				AAF101EA1C8E2B9F00F5F2C3 /* Debug */,
				AAF101EB1C8E2B9F00F5F2C3 /* Release */,
			);
			defaultConfigurationIsVisible = 0;
		};
		AAF101EC1C8E2B9F00F5F2C3 /* Build configuration list for PBXNativeTarget "tableViewKyleLTests" */ = {
			isa = XCConfigurationList;
			buildConfigurations = (
				AAF101ED1C8E2B9F00F5F2C3 /* Debug */,
				AAF101EE1C8E2B9F00F5F2C3 /* Release */,
			);
			defaultConfigurationIsVisible = 0;
		};
		AAF101EF1C8E2B9F00F5F2C3 /* Build configuration list for PBXNativeTarget "tableViewKyleLUITests" */ = {
			isa = XCConfigurationList;
			buildConfigurations = (
				AAF101F01C8E2B9F00F5F2C3 /* Debug */,
				AAF101F11C8E2B9F00F5F2C3 /* Release */,
			);
			defaultConfigurationIsVisible = 0;
		};
/* End XCConfigurationList section */

/* Begin XCVersionGroup section */
		AAF101C81C8E2B9F00F5F2C3 /* tableViewKyleL.xcdatamodeld */ = {
			isa = XCVersionGroup;
			children = (
				AAF101C91C8E2B9F00F5F2C3 /* tableViewKyleL.xcdatamodel */,
			);
			currentVersion = AAF101C91C8E2B9F00F5F2C3 /* tableViewKyleL.xcdatamodel */;
			path = tableViewKyleL.xcdatamodeld;
			sourceTree = "<group>";
			versionGroupType = wrapper.xcdatamodel;
		};
/* End XCVersionGroup section */
	};
	rootObject = AAF101B61C8E2B9F00F5F2C3 /* Project object */;
}
